
Microsoft Visual Studio Solution File, Format Version 12.00
# Visual Studio Version 17
VisualStudioVersion = 17.10.34916.146
MinimumVisualStudioVersion = 10.0.40219.1
Project("{F184B08F-C81C-45F6-A57F-5ABD9991F28F}") = "WinFormsGlass", "WinFormsGlass\WinFormsGlass.vbproj", "{D797C628-1529-4AEB-BD77-CD0258526148}"
EndProject
Global
	GlobalSection(SolutionConfigurationPlatforms) = preSolution
		Debug|Any CPU = Debug|Any CPU
		Release|Any CPU = Release|Any CPU
	EndGlobalSection
	GlobalSection(ProjectConfigurationPlatforms) = postSolution
		{D797C628-1529-4AEB-BD77-CD0258526148}.Debug|Any CPU.ActiveCfg = Debug|Any CPU
		{D797C628-1529-4AEB-BD77-CD0258526148}.Debug|Any CPU.Build.0 = Debug|Any CPU
		{D797C628-1529-4AEB-BD77-CD0258526148}.Release|Any CPU.ActiveCfg = Release|Any CPU
		{D797C628-1529-4AEB-BD77-CD0258526148}.Release|Any CPU.Build.0 = Release|Any CPU
	EndGlobalSection
	GlobalSection(SolutionProperties) = preSolution
		HideSolutionNode = FALSE
	EndGlobalSection
	GlobalSection(ExtensibilityGlobals) = postSolution
		SolutionGuid = {3766581B-3AA4-42DA-B202-920744EE3A55}
	EndGlobalSection
EndGlobal
